// !$*UTF8*$!
{
	archiveVersion = 1;
	classes = {
	};
	objectVersion = 50;
	objects = {

/* Begin PBXBuildFile section */
		7DFA9CE426F0DD920098E11A /* GitHubApp.swift in Sources */ = {isa = PBXBuildFile; fileRef = 7DFA9CE326F0DD920098E11A /* GitHubApp.swift */; };
		7DFA9CE626F0DD920098E11A /* ContentView.swift in Sources */ = {isa = PBXBuildFile; fileRef = 7DFA9CE526F0DD920098E11A /* ContentView.swift */; };
		7DFA9CE826F0DD990098E11A /* Assets.xcassets in Resources */ = {isa = PBXBuildFile; fileRef = 7DFA9CE726F0DD990098E11A /* Assets.xcassets */; };
		7DFA9CEB26F0DD990098E11A /* Preview Assets.xcassets in Resources */ = {isa = PBXBuildFile; fileRef = 7DFA9CEA26F0DD990098E11A /* Preview Assets.xcassets */; };
		7DFA9CF626F0DD990098E11A /* GitHubTests.swift in Sources */ = {isa = PBXBuildFile; fileRef = 7DFA9CF526F0DD990098E11A /* GitHubTests.swift */; };
		7DFA9D0126F0DD990098E11A /* GitHubUITests.swift in Sources */ = {isa = PBXBuildFile; fileRef = 7DFA9D0026F0DD990098E11A /* GitHubUITests.swift */; };
/* End PBXBuildFile section */

/* Begin PBXContainerItemProxy section */
		7DFA9CF226F0DD990098E11A /* PBXContainerItemProxy */ = {
			isa = PBXContainerItemProxy;
			containerPortal = 7DFA9CD826F0DD920098E11A /* Project object */;
			proxyType = 1;
			remoteGlobalIDString = 7DFA9CDF26F0DD920098E11A;
			remoteInfo = GitHub;
		};
		7DFA9CFD26F0DD990098E11A /* PBXContainerItemProxy */ = {
			isa = PBXContainerItemProxy;
			containerPortal = 7DFA9CD826F0DD920098E11A /* Project object */;
			proxyType = 1;
			remoteGlobalIDString = 7DFA9CDF26F0DD920098E11A;
			remoteInfo = GitHub;
		};
/* End PBXContainerItemProxy section */

/* Begin PBXFileReference section */
		7DFA9CE026F0DD920098E11A /* GitHub.app */ = {isa = PBXFileReference; explicitFileType = wrapper.application; includeInIndex = 0; path = GitHub.app; sourceTree = BUILT_PRODUCTS_DIR; };
		7DFA9CE326F0DD920098E11A /* GitHubApp.swift */ = {isa = PBXFileReference; lastKnownFileType = sourcecode.swift; path = GitHubApp.swift; sourceTree = "<group>"; };
		7DFA9CE526F0DD920098E11A /* ContentView.swift */ = {isa = PBXFileReference; lastKnownFileType = sourcecode.swift; path = ContentView.swift; sourceTree = "<group>"; };
		7DFA9CE726F0DD990098E11A /* Assets.xcassets */ = {isa = PBXFileReference; lastKnownFileType = folder.assetcatalog; path = Assets.xcassets; sourceTree = "<group>"; };
		7DFA9CEA26F0DD990098E11A /* Preview Assets.xcassets */ = {isa = PBXFileReference; lastKnownFileType = folder.assetcatalog; path = "Preview Assets.xcassets"; sourceTree = "<group>"; };
		7DFA9CEC26F0DD990098E11A /* Info.plist */ = {isa = PBXFileReference; lastKnownFileType = text.plist.xml; path = Info.plist; sourceTree = "<group>"; };
		7DFA9CF126F0DD990098E11A /* GitHubTests.xctest */ = {isa = PBXFileReference; explicitFileType = wrapper.cfbundle; includeInIndex = 0; path = GitHubTests.xctest; sourceTree = BUILT_PRODUCTS_DIR; };
		7DFA9CF526F0DD990098E11A /* GitHubTests.swift */ = {isa = PBXFileReference; lastKnownFileType = sourcecode.swift; path = GitHubTests.swift; sourceTree = "<group>"; };
		7DFA9CF726F0DD990098E11A /* Info.plist */ = {isa = PBXFileReference; lastKnownFileType = text.plist.xml; path = Info.plist; sourceTree = "<group>"; };
		7DFA9CFC26F0DD990098E11A /* GitHubUITests.xctest */ = {isa = PBXFileReference; explicitFileType = wrapper.cfbundle; includeInIndex = 0; path = GitHubUITests.xctest; sourceTree = BUILT_PRODUCTS_DIR; };
		7DFA9D0026F0DD990098E11A /* GitHubUITests.swift */ = {isa = PBXFileReference; lastKnownFileType = sourcecode.swift; path = GitHubUITests.swift; sourceTree = "<group>"; };
		7DFA9D0226F0DD990098E11A /* Info.plist */ = {isa = PBXFileReference; lastKnownFileType = text.plist.xml; path = Info.plist; sourceTree = "<group>"; };
/* End PBXFileReference section */

/* Begin PBXFrameworksBuildPhase section */
		7DFA9CDD26F0DD920098E11A /* Frameworks */ = {
			isa = PBXFrameworksBuildPhase;
			buildActionMask = 2147483647;
			files = (
			);
			runOnlyForDeploymentPostprocessing = 0;
		};
		7DFA9CEE26F0DD990098E11A /* Frameworks */ = {
			isa = PBXFrameworksBuildPhase;
			buildActionMask = 2147483647;
			files = (
			);
			runOnlyForDeploymentPostprocessing = 0;
		};
		7DFA9CF926F0DD990098E11A /* Frameworks */ = {
			isa = PBXFrameworksBuildPhase;
			buildActionMask = 2147483647;
			files = (
			);
			runOnlyForDeploymentPostprocessing = 0;
		};
/* End PBXFrameworksBuildPhase section */

/* Begin PBXGroup section */
		7DFA9CD726F0DD920098E11A = {
			isa = PBXGroup;
			children = (
				7DFA9CE226F0DD920098E11A /* GitHub */,
				7DFA9CF426F0DD990098E11A /* GitHubTests */,
				7DFA9CFF26F0DD990098E11A /* GitHubUITests */,
				7DFA9CE126F0DD920098E11A /* Products */,
			);
			sourceTree = "<group>";
		};
		7DFA9CE126F0DD920098E11A /* Products */ = {
			isa = PBXGroup;
			children = (
				7DFA9CE026F0DD920098E11A /* GitHub.app */,
				7DFA9CF126F0DD990098E11A /* GitHubTests.xctest */,
				7DFA9CFC26F0DD990098E11A /* GitHubUITests.xctest */,
			);
			name = Products;
			sourceTree = "<group>";
		};
		7DFA9CE226F0DD920098E11A /* GitHub */ = {
			isa = PBXGroup;
			children = (
				7DFA9CE326F0DD920098E11A /* GitHubApp.swift */,
				7DFA9CE526F0DD920098E11A /* ContentView.swift */,
				7DFA9CE726F0DD990098E11A /* Assets.xcassets */,
				7DFA9CEC26F0DD990098E11A /* Info.plist */,
				7DFA9CE926F0DD990098E11A /* Preview Content */,
			);
			path = GitHub;
			sourceTree = "<group>";
		};
		7DFA9CE926F0DD990098E11A /* Preview Content */ = {
			isa = PBXGroup;
			children = (
				7DFA9CEA26F0DD990098E11A /* Preview Assets.xcassets */,
			);
			path = "Preview Content";
			sourceTree = "<group>";
		};
		7DFA9CF426F0DD990098E11A /* GitHubTests */ = {
			isa = PBXGroup;
			children = (
				7DFA9CF526F0DD990098E11A /* GitHubTests.swift */,
				7DFA9CF726F0DD990098E11A /* Info.plist */,
			);
			path = GitHubTests;
			sourceTree = "<group>";
		};
		7DFA9CFF26F0DD990098E11A /* GitHubUITests */ = {
			isa = PBXGroup;
			children = (
				7DFA9D0026F0DD990098E11A /* GitHubUITests.swift */,
				7DFA9D0226F0DD990098E11A /* Info.plist */,
			);
			path = GitHubUITests;
			sourceTree = "<group>";
		};
/* End PBXGroup section */

/* Begin PBXNativeTarget section */
		7DFA9CDF26F0DD920098E11A /* GitHub */ = {
			isa = PBXNativeTarget;
			buildConfigurationList = 7DFA9D0526F0DD990098E11A /* Build configuration list for PBXNativeTarget "GitHub" */;
			buildPhases = (
				7DFA9CDC26F0DD920098E11A /* Sources */,
				7DFA9CDD26F0DD920098E11A /* Frameworks */,
				7DFA9CDE26F0DD920098E11A /* Resources */,
			);
			buildRules = (
			);
			dependencies = (
			);
			name = GitHub;
			productName = GitHub;
			productReference = 7DFA9CE026F0DD920098E11A /* GitHub.app */;
			productType = "com.apple.product-type.application";
		};
		7DFA9CF026F0DD990098E11A /* GitHubTests */ = {
			isa = PBXNativeTarget;
			buildConfigurationList = 7DFA9D0826F0DD990098E11A /* Build configuration list for PBXNativeTarget "GitHubTests" */;
			buildPhases = (
				7DFA9CED26F0DD990098E11A /* Sources */,
				7DFA9CEE26F0DD990098E11A /* Frameworks */,
				7DFA9CEF26F0DD990098E11A /* Resources */,
			);
			buildRules = (
			);
			dependencies = (
				7DFA9CF326F0DD990098E11A /* PBXTargetDependency */,
			);
			name = GitHubTests;
			productName = GitHubTests;
			productReference = 7DFA9CF126F0DD990098E11A /* GitHubTests.xctest */;
			productType = "com.apple.product-type.bundle.unit-test";
		};
		7DFA9CFB26F0DD990098E11A /* GitHubUITests */ = {
			isa = PBXNativeTarget;
			buildConfigurationList = 7DFA9D0B26F0DD990098E11A /* Build configuration list for PBXNativeTarget "GitHubUITests" */;
			buildPhases = (
				7DFA9CF826F0DD990098E11A /* Sources */,
				7DFA9CF926F0DD990098E11A /* Frameworks */,
				7DFA9CFA26F0DD990098E11A /* Resources */,
			);
			buildRules = (
			);
			dependencies = (
				7DFA9CFE26F0DD990098E11A /* PBXTargetDependency */,
			);
			name = GitHubUITests;
			productName = GitHubUITests;
			productReference = 7DFA9CFC26F0DD990098E11A /* GitHubUITests.xctest */;
			productType = "com.apple.product-type.bundle.ui-testing";
		};
/* End PBXNativeTarget section */

/* Begin PBXProject section */
		7DFA9CD826F0DD920098E11A /* Project object */ = {
			isa = PBXProject;
			attributes = {
				LastSwiftUpdateCheck = 1240;
				LastUpgradeCheck = 1240;
				TargetAttributes = {
					7DFA9CDF26F0DD920098E11A = {
						CreatedOnToolsVersion = 12.4;
					};
					7DFA9CF026F0DD990098E11A = {
						CreatedOnToolsVersion = 12.4;
						TestTargetID = 7DFA9CDF26F0DD920098E11A;
					};
					7DFA9CFB26F0DD990098E11A = {
						CreatedOnToolsVersion = 12.4;
						TestTargetID = 7DFA9CDF26F0DD920098E11A;
					};
				};
			};
			buildConfigurationList = 7DFA9CDB26F0DD920098E11A /* Build configuration list for PBXProject "GitHub" */;
			compatibilityVersion = "Xcode 9.3";
			developmentRegion = en;
			hasScannedForEncodings = 0;
			knownRegions = (
				en,
				Base,
			);
			mainGroup = 7DFA9CD726F0DD920098E11A;
			productRefGroup = 7DFA9CE126F0DD920098E11A /* Products */;
			projectDirPath = "";
			projectRoot = "";
			targets = (
				7DFA9CDF26F0DD920098E11A /* GitHub */,
				7DFA9CF026F0DD990098E11A /* GitHubTests */,
				7DFA9CFB26F0DD990098E11A /* GitHubUITests */,
			);
		};
/* End PBXProject section */

/* Begin PBXResourcesBuildPhase section */
		7DFA9CDE26F0DD920098E11A /* Resources */ = {
			isa = PBXResourcesBuildPhase;
			buildActionMask = 2147483647;
			files = (
				7DFA9CEB26F0DD990098E11A /* Preview Assets.xcassets in Resources */,
				7DFA9CE826F0DD990098E11A /* Assets.xcassets in Resources */,
			);
			runOnlyForDeploymentPostprocessing = 0;
		};
		7DFA9CEF26F0DD990098E11A /* Resources */ = {
			isa = PBXResourcesBuildPhase;
			buildActionMask = 2147483647;
			files = (
			);
			runOnlyForDeploymentPostprocessing = 0;
		};
		7DFA9CFA26F0DD990098E11A /* Resources */ = {
			isa = PBXResourcesBuildPhase;
			buildActionMask = 2147483647;
			files = (
			);
			runOnlyForDeploymentPostprocessing = 0;
		};
/* End PBXResourcesBuildPhase section */

/* Begin PBXSourcesBuildPhase section */
		7DFA9CDC26F0DD920098E11A /* Sources */ = {
			isa = PBXSourcesBuildPhase;
			buildActionMask = 2147483647;
			files = (
				7DFA9CE626F0DD920098E11A /* ContentView.swift in Sources */,
				7DFA9CE426F0DD920098E11A /* GitHubApp.swift in Sources */,
			);
			runOnlyForDeploymentPostprocessing = 0;
		};
		7DFA9CED26F0DD990098E11A /* Sources */ = {
			isa = PBXSourcesBuildPhase;
			buildActionMask = 2147483647;
			files = (
				7DFA9CF626F0DD990098E11A /* GitHubTests.swift in Sources */,
			);
			runOnlyForDeploymentPostprocessing = 0;
		};
		7DFA9CF826F0DD990098E11A /* Sources */ = {
			isa = PBXSourcesBuildPhase;
			buildActionMask = 2147483647;
			files = (
				7DFA9D0126F0DD990098E11A /* GitHubUITests.swift in Sources */,
			);
			runOnlyForDeploymentPostprocessing = 0;
		};
/* End PBXSourcesBuildPhase section */

/* Begin PBXTargetDependency section */
		7DFA9CF326F0DD990098E11A /* PBXTargetDependency */ = {
			isa = PBXTargetDependency;
			target = 7DFA9CDF26F0DD920098E11A /* GitHub */;
			targetProxy = 7DFA9CF226F0DD990098E11A /* PBXContainerItemProxy */;
		};
		7DFA9CFE26F0DD990098E11A /* PBXTargetDependency */ = {
			isa = PBXTargetDependency;
			target = 7DFA9CDF26F0DD920098E11A /* GitHub */;
			targetProxy = 7DFA9CFD26F0DD990098E11A /* PBXContainerItemProxy */;
		};
/* End PBXTargetDependency section */

/* Begin XCBuildConfiguration section */
		7DFA9D0326F0DD990098E11A /* Debug */ = {
			isa = XCBuildConfiguration;
			buildSettings = {
				ALWAYS_SEARCH_USER_PATHS = NO;
				CLANG_ANALYZER_NONNULL = YES;
				CLANG_ANALYZER_NUMBER_OBJECT_CONVERSION = YES_AGGRESSIVE;
				CLANG_CXX_LANGUAGE_STANDARD = "gnu++14";
				CLANG_CXX_LIBRARY = "libc++";
				CLANG_ENABLE_MODULES = YES;
				CLANG_ENABLE_OBJC_ARC = YES;
				CLANG_ENABLE_OBJC_WEAK = YES;
				CLANG_WARN_BLOCK_CAPTURE_AUTORELEASING = YES;
				CLANG_WARN_BOOL_CONVERSION = YES;
				CLANG_WARN_COMMA = YES;
				CLANG_WARN_CONSTANT_CONVERSION = YES;
				CLANG_WARN_DEPRECATED_OBJC_IMPLEMENTATIONS = YES;
				CLANG_WARN_DIRECT_OBJC_ISA_USAGE = YES_ERROR;
				CLANG_WARN_DOCUMENTATION_COMMENTS = YES;
				CLANG_WARN_EMPTY_BODY = YES;
				CLANG_WARN_ENUM_CONVERSION = YES;
				CLANG_WARN_INFINITE_RECURSION = YES;
				CLANG_WARN_INT_CONVERSION = YES;
				CLANG_WARN_NON_LITERAL_NULL_CONVERSION = YES;
				CLANG_WARN_OBJC_IMPLICIT_RETAIN_SELF = YES;
				CLANG_WARN_OBJC_LITERAL_CONVERSION = YES;
				CLANG_WARN_OBJC_ROOT_CLASS = YES_ERROR;
				CLANG_WARN_QUOTED_INCLUDE_IN_FRAMEWORK_HEADER = YES;
				CLANG_WARN_RANGE_LOOP_ANALYSIS = YES;
				CLANG_WARN_STRICT_PROTOTYPES = YES;
				CLANG_WARN_SUSPICIOUS_MOVE = YES;
				CLANG_WARN_UNGUARDED_AVAILABILITY = YES_AGGRESSIVE;
				CLANG_WARN_UNREACHABLE_CODE = YES;
				CLANG_WARN__DUPLICATE_METHOD_MATCH = YES;
				COPY_PHASE_STRIP = NO;
				DEBUG_INFORMATION_FORMAT = dwarf;
				ENABLE_STRICT_OBJC_MSGSEND = YES;
				ENABLE_TESTABILITY = YES;
				GCC_C_LANGUAGE_STANDARD = gnu11;
				GCC_DYNAMIC_NO_PIC = NO;
				GCC_NO_COMMON_BLOCKS = YES;
				GCC_OPTIMIZATION_LEVEL = 0;
				GCC_PREPROCESSOR_DEFINITIONS = (
					"DEBUG=1",
					"$(inherited)",
				);
				GCC_WARN_64_TO_32_BIT_CONVERSION = YES;
				GCC_WARN_ABOUT_RETURN_TYPE = YES_ERROR;
				GCC_WARN_UNDECLARED_SELECTOR = YES;
				GCC_WARN_UNINITIALIZED_AUTOS = YES_AGGRESSIVE;
				GCC_WARN_UNUSED_FUNCTION = YES;
				GCC_WARN_UNUSED_VARIABLE = YES;
				IPHONEOS_DEPLOYMENT_TARGET = 14.4;
				MTL_ENABLE_DEBUG_INFO = INCLUDE_SOURCE;
				MTL_FAST_MATH = YES;
				ONLY_ACTIVE_ARCH = YES;
				SDKROOT = iphoneos;
				SWIFT_ACTIVE_COMPILATION_CONDITIONS = DEBUG;
				SWIFT_OPTIMIZATION_LEVEL = "-Onone";
			};
			name = Debug;
		};
		7DFA9D0426F0DD990098E11A /* Release */ = {
			isa = XCBuildConfiguration;
			buildSettings = {
				ALWAYS_SEARCH_USER_PATHS = NO;
				CLANG_ANALYZER_NONNULL = YES;
				CLANG_ANALYZER_NUMBER_OBJECT_CONVERSION = YES_AGGRESSIVE;
				CLANG_CXX_LANGUAGE_STANDARD = "gnu++14";
				CLANG_CXX_LIBRARY = "libc++";
				CLANG_ENABLE_MODULES = YES;
				CLANG_ENABLE_OBJC_ARC = YES;
				CLANG_ENABLE_OBJC_WEAK = YES;
				CLANG_WARN_BLOCK_CAPTURE_AUTORELEASING = YES;
				CLANG_WARN_BOOL_CONVERSION = YES;
				CLANG_WARN_COMMA = YES;
				CLANG_WARN_CONSTANT_CONVERSION = YES;
				CLANG_WARN_DEPRECATED_OBJC_IMPLEMENTATIONS = YES;
				CLANG_WARN_DIRECT_OBJC_ISA_USAGE = YES_ERROR;
				CLANG_WARN_DOCUMENTATION_COMMENTS = YES;
				CLANG_WARN_EMPTY_BODY = YES;
				CLANG_WARN_ENUM_CONVERSION = YES;
				CLANG_WARN_INFINITE_RECURSION = YES;
				CLANG_WARN_INT_CONVERSION = YES;
				CLANG_WARN_NON_LITERAL_NULL_CONVERSION = YES;
				CLANG_WARN_OBJC_IMPLICIT_RETAIN_SELF = YES;
				CLANG_WARN_OBJC_LITERAL_CONVERSION = YES;
				CLANG_WARN_OBJC_ROOT_CLASS = YES_ERROR;
				CLANG_WARN_QUOTED_INCLUDE_IN_FRAMEWORK_HEADER = YES;
				CLANG_WARN_RANGE_LOOP_ANALYSIS = YES;
				CLANG_WARN_STRICT_PROTOTYPES = YES;
				CLANG_WARN_SUSPICIOUS_MOVE = YES;
				CLANG_WARN_UNGUARDED_AVAILABILITY = YES_AGGRESSIVE;
				CLANG_WARN_UNREACHABLE_CODE = YES;
				CLANG_WARN__DUPLICATE_METHOD_MATCH = YES;
				COPY_PHASE_STRIP = NO;
				DEBUG_INFORMATION_FORMAT = "dwarf-with-dsym";
				ENABLE_NS_ASSERTIONS = NO;
				ENABLE_STRICT_OBJC_MSGSEND = YES;
				GCC_C_LANGUAGE_STANDARD = gnu11;
				GCC_NO_COMMON_BLOCKS = YES;
				GCC_WARN_64_TO_32_BIT_CONVERSION = YES;
				GCC_WARN_ABOUT_RETURN_TYPE = YES_ERROR;
				GCC_WARN_UNDECLARED_SELECTOR = YES;
				GCC_WARN_UNINITIALIZED_AUTOS = YES_AGGRESSIVE;
				GCC_WARN_UNUSED_FUNCTION = YES;
				GCC_WARN_UNUSED_VARIABLE = YES;
				IPHONEOS_DEPLOYMENT_TARGET = 14.4;
				MTL_ENABLE_DEBUG_INFO = NO;
				MTL_FAST_MATH = YES;
				SDKROOT = iphoneos;
				SWIFT_COMPILATION_MODE = wholemodule;
				SWIFT_OPTIMIZATION_LEVEL = "-O";
				VALIDATE_PRODUCT = YES;
			};
			name = Release;
		};
		7DFA9D0626F0DD990098E11A /* Debug */ = {
			isa = XCBuildConfiguration;
			buildSettings = {
				ASSETCATALOG_COMPILER_APPICON_NAME = AppIcon;
				ASSETCATALOG_COMPILER_GLOBAL_ACCENT_COLOR_NAME = AccentColor;
				CODE_SIGN_STYLE = Automatic;
				DEVELOPMENT_ASSET_PATHS = "\"GitHub/Preview Content\"";
				DEVELOPMENT_TEAM = DNM5SWF5Z3;
				ENABLE_PREVIEWS = YES;
				INFOPLIST_FILE = GitHub/Info.plist;
				IPHONEOS_DEPLOYMENT_TARGET = 14.0;
				LD_RUNPATH_SEARCH_PATHS = (
					"$(inherited)",
					"@executable_path/Frameworks",
				);
				PRODUCT_BUNDLE_IDENTIFIER = com.TulsaTech.GitHub;
				PRODUCT_NAME = "$(TARGET_NAME)";
				SWIFT_VERSION = 5.0;
				TARGETED_DEVICE_FAMILY = "1,2";
			};
			name = Debug;
		};
		7DFA9D0726F0DD990098E11A /* Release */ = {
			isa = XCBuildConfiguration;
			buildSettings = {
				ASSETCATALOG_COMPILER_APPICON_NAME = AppIcon;
				ASSETCATALOG_COMPILER_GLOBAL_ACCENT_COLOR_NAME = AccentColor;
				CODE_SIGN_STYLE = Automatic;
				DEVELOPMENT_ASSET_PATHS = "\"GitHub/Preview Content\"";
				DEVELOPMENT_TEAM = DNM5SWF5Z3;
				ENABLE_PREVIEWS = YES;
				INFOPLIST_FILE = GitHub/Info.plist;
				IPHONEOS_DEPLOYMENT_TARGET = 14.0;
				LD_RUNPATH_SEARCH_PATHS = (
					"$(inherited)",
					"@executable_path/Frameworks",
				);
				PRODUCT_BUNDLE_IDENTIFIER = com.TulsaTech.GitHub;
				PRODUCT_NAME = "$(TARGET_NAME)";
				SWIFT_VERSION = 5.0;
				TARGETED_DEVICE_FAMILY = "1,2";
			};
			name = Release;
		};
		7DFA9D0926F0DD990098E11A /* Debug */ = {
			isa = XCBuildConfiguration;
			buildSettings = {
				ALWAYS_EMBED_SWIFT_STANDARD_LIBRARIES = YES;
				BUNDLE_LOADER = "$(TEST_HOST)";
				CODE_SIGN_STYLE = Automatic;
				DEVELOPMENT_TEAM = DNM5SWF5Z3;
				INFOPLIST_FILE = GitHubTests/Info.plist;
				IPHONEOS_DEPLOYMENT_TARGET = 14.0;
				LD_RUNPATH_SEARCH_PATHS = (
					"$(inherited)",
					"@executable_path/Frameworks",
					"@loader_path/Frameworks",
				);
				PRODUCT_BUNDLE_IDENTIFIER = com.TulsaTech.GitHubTests;
				PRODUCT_NAME = "$(TARGET_NAME)";
				SWIFT_VERSION = 5.0;
				TARGETED_DEVICE_FAMILY = "1,2";
				TEST_HOST = "$(BUILT_PRODUCTS_DIR)/GitHub.app/GitHub";
			};
			name = Debug;
		};
		7DFA9D0A26F0DD990098E11A /* Release */ = {
			isa = XCBuildConfiguration;
			buildSettings = {
				ALWAYS_EMBED_SWIFT_STANDARD_LIBRARIES = YES;
				BUNDLE_LOADER = "$(TEST_HOST)";
				CODE_SIGN_STYLE = Automatic;
				DEVELOPMENT_TEAM = DNM5SWF5Z3;
				INFOPLIST_FILE = GitHubTests/Info.plist;
				IPHONEOS_DEPLOYMENT_TARGET = 14.0;
				LD_RUNPATH_SEARCH_PATHS = (
					"$(inherited)",
					"@executable_path/Frameworks",
					"@loader_path/Frameworks",
				);
				PRODUCT_BUNDLE_IDENTIFIER = com.TulsaTech.GitHubTests;
				PRODUCT_NAME = "$(TARGET_NAME)";
				SWIFT_VERSION = 5.0;
				TARGETED_DEVICE_FAMILY = "1,2";
				TEST_HOST = "$(BUILT_PRODUCTS_DIR)/GitHub.app/GitHub";
			};
			name = Release;
		};
		7DFA9D0C26F0DD990098E11A /* Debug */ = {
			isa = XCBuildConfiguration;
			buildSettings = {
				ALWAYS_EMBED_SWIFT_STANDARD_LIBRARIES = YES;
				CODE_SIGN_STYLE = Automatic;
				DEVELOPMENT_TEAM = DNM5SWF5Z3;
				INFOPLIST_FILE = GitHubUITests/Info.plist;
				LD_RUNPATH_SEARCH_PATHS = (
					"$(inherited)",
					"@executable_path/Frameworks",
					"@loader_path/Frameworks",
				);
				PRODUCT_BUNDLE_IDENTIFIER = com.TulsaTech.GitHubUITests;
				PRODUCT_NAME = "$(TARGET_NAME)";
				SWIFT_VERSION = 5.0;
				TARGETED_DEVICE_FAMILY = "1,2";
				TEST_TARGET_NAME = GitHub;
			};
			name = Debug;
		};
		7DFA9D0D26F0DD990098E11A /* Release */ = {
			isa = XCBuildConfiguration;
			buildSettings = {
				ALWAYS_EMBED_SWIFT_STANDARD_LIBRARIES = YES;
				CODE_SIGN_STYLE = Automatic;
				DEVELOPMENT_TEAM = DNM5SWF5Z3;
				INFOPLIST_FILE = GitHubUITests/Info.plist;
				LD_RUNPATH_SEARCH_PATHS = (
					"$(inherited)",
					"@executable_path/Frameworks",
					"@loader_path/Frameworks",
				);
				PRODUCT_BUNDLE_IDENTIFIER = com.TulsaTech.GitHubUITests;
				PRODUCT_NAME = "$(TARGET_NAME)";
				SWIFT_VERSION = 5.0;
				TARGETED_DEVICE_FAMILY = "1,2";
				TEST_TARGET_NAME = GitHub;
			};
			name = Release;
		};
/* End XCBuildConfiguration section */

/* Begin XCConfigurationList section */
		7DFA9CDB26F0DD920098E11A /* Build configuration list for PBXProject "GitHub" */ = {
			isa = XCConfigurationList;
			buildConfigurations = (
				7DFA9D0326F0DD990098E11A /* Debug */,
				7DFA9D0426F0DD990098E11A /* Release */,
			);
			defaultConfigurationIsVisible = 0;
			defaultConfigurationName = Release;
		};
		7DFA9D0526F0DD990098E11A /* Build configuration list for PBXNativeTarget "GitHub" */ = {
			isa = XCConfigurationList;
			buildConfigurations = (
				7DFA9D0626F0DD990098E11A /* Debug */,
				7DFA9D0726F0DD990098E11A /* Release */,
			);
			defaultConfigurationIsVisible = 0;
			defaultConfigurationName = Release;
		};
		7DFA9D0826F0DD990098E11A /* Build configuration list for PBXNativeTarget "GitHubTests" */ = {
			isa = XCConfigurationList;
			buildConfigurations = (
				7DFA9D0926F0DD990098E11A /* Debug */,
				7DFA9D0A26F0DD990098E11A /* Release */,
			);
			defaultConfigurationIsVisible = 0;
			defaultConfigurationName = Release;
		};
		7DFA9D0B26F0DD990098E11A /* Build configuration list for PBXNativeTarget "GitHubUITests" */ = {
			isa = XCConfigurationList;
			buildConfigurations = (
				7DFA9D0C26F0DD990098E11A /* Debug */,
				7DFA9D0D26F0DD990098E11A /* Release */,
			);
			defaultConfigurationIsVisible = 0;
			defaultConfigurationName = Release;
		};
/* End XCConfigurationList section */
	};
	rootObject = 7DFA9CD826F0DD920098E11A /* Project object */;
}
